{
  "version": "3",
  "remote": {
    "https://esm.sh/v135/asn1.js@5.4.1/es2022/asn1.mjs": "8aafe66452968b1016f091a04223af96cffab10ae4bfdb5dfa32e1c35d535025",
    "https://esm.sh/v135/assert@2.1.0/es2022/assert.mjs": "c768a407feafb70c1d5fccd8500514cba88f414a02aee4cc1e40df73d63c46a9",
    "https://esm.sh/v135/available-typed-arrays@1.0.5/es2022/available-typed-arrays.mjs": "981563cbba23e9fe1dd7d7b9c9ec7abd6c437d48eeb4ae953913b90ed921d9b3",
    "https://esm.sh/v135/base64-js@1.5.1/es2022/base64-js.mjs": "56594379eed23d8e1b5a5312cd48e179ec97ec7a5b55e24c75c58decca1f49e3",
    "https://esm.sh/v135/bn.js@4.12.0/es2022/bn.mjs": "6f3f671f4895fd99dc6776e2558cdd59717b6a09281bd854a2b7c247c4d29b63",
    "https://esm.sh/v135/bn.js@5.2.1/es2022/bn.mjs": "5a948e48bdba9aa59bf76592cda1a0a8510758ae67b7661919a6836b5bb03ff9",
    "https://esm.sh/v135/brorand@1.1.0/es2022/brorand.mjs": "179560bc57f1e9f7663ef3ffad53ec443208470b46b7b29418cc7605a637c180",
    "https://esm.sh/v135/browserify-aes@1.2.0/es2022/browser.js": "d758e3c84b038b73d09556316f3d025c6c286d804a77771bf766642394ddc2ff",
    "https://esm.sh/v135/browserify-aes@1.2.0/es2022/browserify-aes.mjs": "1b2db63f67f973a76fd14afad130cb4cfc3cb31f0173eeadb761da0eceb03e07",
    "https://esm.sh/v135/browserify-aes@1.2.0/es2022/modes.js": "c34b7c57be68c2d33f84cc2915c3b25679e1a6af334b43c656088ba56c6a52a9",
    "https://esm.sh/v135/browserify-cipher@1.0.1/es2022/browserify-cipher.mjs": "a06df32c4fdd01ab0a3b31ccb031db96b09c0b90711ee0504972c37fc9559540",
    "https://esm.sh/v135/browserify-des@1.0.2/es2022/browserify-des.mjs": "0b5d50786e0d1ab7c7fff843fe2650e3982f2ab34b404c6dbba8033ac9088f85",
    "https://esm.sh/v135/browserify-des@1.0.2/es2022/modes.js": "f3af5fe5802ae3c15608615aa79327211a0957e4b176a110904fe32d3aaa3aa6",
    "https://esm.sh/v135/browserify-rsa@4.1.0/es2022/browserify-rsa.mjs": "ff71521d2fbe91a05426152c7f4556000084aca3f0688c508c16a01ded85ceb8",
    "https://esm.sh/v135/browserify-sign@4.2.1/es2022/algos.js": "72a85ba7ff0cb29db05a8b4935106bb90e330505f33502f5c598da14b19ac290",
    "https://esm.sh/v135/browserify-sign@4.2.1/es2022/browserify-sign.mjs": "01a42f7b62ef4e6e72fc8b9735a6e1b5664894caf12cdde3104aba5a376e1e27",
    "https://esm.sh/v135/browserify-zlib@0.2.0/es2022/browserify-zlib.mjs": "eff59a66d224877a0344ae845c212ec9283c16feef92d4e10955439e34fca074",
    "https://esm.sh/v135/buffer-xor@1.0.3/es2022/buffer-xor.mjs": "69dd7a75e278aa696c9e48b00718d33bfb17892251f08a3854248035a734ebb2",
    "https://esm.sh/v135/buffer@6.0.3/es2022/buffer.mjs": "8035f954f4483b847e34b46c0947a55b2af4db29d91718bf766212b3b2fabd7f",
    "https://esm.sh/v135/builtin-status-codes@3.0.0/es2022/builtin-status-codes.mjs": "8beaedcac83f40b84046fd07b3d636b7782395dd5b687862248a6974fca0ba4a",
    "https://esm.sh/v135/call-bind@1.0.5/es2022/call-bind.mjs": "73c0e7c7a1e062111738d7bd147e81df95e22e9e06067c73b9c25f6d1167b546",
    "https://esm.sh/v135/call-bind@1.0.5/es2022/callBound.js": "5f445d122ed9439f97f49084b82c5314e061d6c03c0a0e018b97c292da44981b",
    "https://esm.sh/v135/cipher-base@1.0.4/es2022/cipher-base.mjs": "7d4c10e1a73de96cc6b386ff7420c332a5f308fe3028e0ff9fe11fbbe4673059",
    "https://esm.sh/v135/create-ecdh@4.0.4/es2022/create-ecdh.mjs": "52db23473a8b40b521d0f9c52162f19cd5ce2184157a37e6d24691a959d27bf7",
    "https://esm.sh/v135/create-hash@1.2.0/es2022/create-hash.mjs": "aefffef21ab0e7bc28cbda86309af345276704c1b6e8026e00e2b96ed42ca2f5",
    "https://esm.sh/v135/create-hash@1.2.0/es2022/md5.js": "cbef12b4593a957baa993080d05d67b3c509d932ba0478d6e46bd4a18d8d4891",
    "https://esm.sh/v135/create-hmac@1.1.7/es2022/create-hmac.mjs": "956b2512a384df786dbd7596d6f44da14fc794e389a16fe1dca5add5b92611ae",
    "https://esm.sh/v135/crypto-browserify@3.12.0/es2022/crypto-browserify.mjs": "af2bf054165262c07dc6ae7dc868cc6669b81354cb4271f15a8df0327bc4ad87",
    "https://esm.sh/v135/define-data-property@1.1.1/es2022/define-data-property.mjs": "63ef5b88bf4e63e2f127c8a0d36399be7ea9e4c4225b2a4414817b9bd195253a",
    "https://esm.sh/v135/define-properties@1.2.1/es2022/define-properties.mjs": "d419727f27f297ec81a8c3a1be38921df689a8dd67d8ac7ccf702476ce74960e",
    "https://esm.sh/v135/des.js@1.1.0/es2022/des.mjs": "4ab47e59458ae3692a24735f7027a177553049cc111b10375048196cb44786f5",
    "https://esm.sh/v135/diffie-hellman@5.0.3/es2022/diffie-hellman.mjs": "6174777fbe3138834f9d4f7b4e30f03b581dff5a460c9089b058c27942ac3b2d",
    "https://esm.sh/v135/domain-browser@5.7.0/es2022/domain-browser.mjs": "9d93a005764f9693c11a4bb8842d14f34b4051eec3642480a9255273609acd18",
    "https://esm.sh/v135/elliptic@6.5.4/es2022/elliptic.mjs": "767506168f392819fd7fa42e8661b37e4febab876fc15b0a687f4f4f2eacd189",
    "https://esm.sh/v135/evp_bytestokey@1.0.3/es2022/evp_bytestokey.mjs": "0d057de7485a7704fdea4cfdd39618b027bef3d3087727122c87b316d3a83fd0",
    "https://esm.sh/v135/for-each@0.3.3/es2022/for-each.mjs": "65448d36a08ce83de4f15727a9407c1a561f2f07e5a60fd23a9cb8f92f6ae361",
    "https://esm.sh/v135/function-bind@1.1.2/es2022/function-bind.mjs": "f311594bafad9a33439b8c939e62a19d62a2a1e4d76711057d88d7ef6226c1af",
    "https://esm.sh/v135/get-intrinsic@1.2.2/es2022/get-intrinsic.mjs": "56711f9dfa1660b3f629c75b569872f7c8d20f5a17bae159b16b690942a4571d",
    "https://esm.sh/v135/gopd@1.0.1/es2022/gopd.mjs": "41dd8af5cfe107aa1d28f96137a08babf3580d5037555c1ae8ddcac34d8d5cf6",
    "https://esm.sh/v135/has-property-descriptors@1.0.1/es2022/has-property-descriptors.mjs": "e42969429b0a8f0f9a9a78e4814fabe591dda9a29e544938ba116809831f438a",
    "https://esm.sh/v135/has-proto@1.0.1/es2022/has-proto.mjs": "89f158ec447f030790b99960c9d2b107d02a7341f39134d478831aad57dc667d",
    "https://esm.sh/v135/has-symbols@1.0.3/es2022/has-symbols.mjs": "a791cb67fbbdc7c0b504e920325c4e35187433e56c8da3d43f43222d8c869dc7",
    "https://esm.sh/v135/has-symbols@1.0.3/es2022/shams.js": "343afd30ace4bcc048d0f1e3e97a9a07b614647eaa11b2815c379ecd4e3b5cf9",
    "https://esm.sh/v135/has-tostringtag@1.0.0/es2022/shams.js": "bfa5076c504bca11977f7e8c58f41dc585fdea91766b918922b656df8bb9c9b8",
    "https://esm.sh/v135/hash-base@3.1.0/es2022/hash-base.mjs": "630e5f20967cc2441835d4ff6f2175e909fe7f3bc7c0d1a5c6b78a2a7b80cb26",
    "https://esm.sh/v135/hash.js@1.1.7/es2022/hash.mjs": "6d9e02c0ca79128628dc9a0e5e7172ba972398ca4c8fae31191f69a47ff5bf67",
    "https://esm.sh/v135/hasown@2.0.0/es2022/hasown.mjs": "a40f07ecad45cec7254ba5d15753906d0340056c516425fafa8c0f913ec56847",
    "https://esm.sh/v135/hmac-drbg@1.0.1/es2022/hmac-drbg.mjs": "e7b5c2313a06711a670d677b3b8ed1e09b541aeb521290d92272db408b473fd1",
    "https://esm.sh/v135/https-browserify@1.0.0/es2022/https-browserify.mjs": "51f09a69d932b592ffb23bd5af5ce91dec87a2b489a5b38e49cd6a8742fb6602",
    "https://esm.sh/v135/ieee754@1.2.1/es2022/ieee754.mjs": "6e9f43f2599ed8bbcc9cdb19bf9d1b8caea9882fe4717c97edc397d363a5d1c7",
    "https://esm.sh/v135/inherits@2.0.4/es2022/inherits.mjs": "819d309272977500ddb097759ffcab246910ff63e7c9ed026fa7f6c5c1c1d2b8",
    "https://esm.sh/v135/is-arguments@1.1.1/es2022/is-arguments.mjs": "9ad91d9f1927ca40d327631fda38b61e2165c97fddd7feccdfec3d615cbdfa48",
    "https://esm.sh/v135/is-callable@1.2.7/es2022/is-callable.mjs": "6f16403903227885a46794bccb0e2129066bebf77c39e13d966f5650455e6f81",
    "https://esm.sh/v135/is-generator-function@1.0.10/es2022/is-generator-function.mjs": "1c933b9e9175069c72c909bfbe4e8d5a1e96613e528541966ec98fe8c98a4371",
    "https://esm.sh/v135/is-nan@1.3.2/es2022/is-nan.mjs": "d143e52bc66a866e4de248e5ba4d8d96efc5a8284066454ae4d2924fcaed2d1f",
    "https://esm.sh/v135/is-typed-array@1.1.12/es2022/is-typed-array.mjs": "6bc6b4d77a3947db6d81b6322f41f0e82790b2f43184c7bc3125d8357b801143",
    "https://esm.sh/v135/md5.js@1.3.5/es2022/md5.mjs": "fc66b4eedf4093b1a7ca91f739e58697ec0dac546a23d6f07a4f5abaca9c14cc",
    "https://esm.sh/v135/miller-rabin@4.0.1/es2022/miller-rabin.mjs": "edaa88182d7934ac7131d7e24fddbc9a69fc95f3cdc19fa78e0545c042a5c15d",
    "https://esm.sh/v135/minimalistic-assert@1.0.1/es2022/minimalistic-assert.mjs": "cdb52e500d4dbebb776d06cd7ef8007534f098e47be737afa507deb56b2a02fc",
    "https://esm.sh/v135/minimalistic-crypto-utils@1.0.1/es2022/minimalistic-crypto-utils.mjs": "e35caae33f2c54c801e1689f64b01dd620587449a68f3be5bbc68f8b3a4c3c2f",
    "https://esm.sh/v135/node_events.js": "b1b65598db01a0621f65bf86948381344943c6b53828c470be4caa678d5fcfd5",
    "https://esm.sh/v135/node_process.js": "3828e3230dfc99c237c7ca17bfece48967ec4a0d3e5187e6ef9ab7c0a18c1c0b",
    "https://esm.sh/v135/object-inspect@1.13.1/es2022/object-inspect.mjs": "b7f89ac9e557a58b17c85411c5a7e0f351fe548a9aa3a19ca6e4a61b753de9ce",
    "https://esm.sh/v135/object-is@1.1.5/es2022/object-is.mjs": "765549c4b9796e84be1680cc4e3884e76dce362b2906d63fde1d6ea6c7f714cb",
    "https://esm.sh/v135/object-is@1.1.5/es2022/polyfill.js": "d491afc3fbe75221b1fd3d6f158c6a8dd2c4f2ffbc699e187bd36fbc0363b25f",
    "https://esm.sh/v135/object-keys@1.1.1/es2022/object-keys.mjs": "1221491cabb04ac010ab71458fb60e9f4cf45c21c52dc9776a873ad6968723f9",
    "https://esm.sh/v135/object.assign@4.1.4/es2022/polyfill.js": "7687c85e2f15320bd0f62a6b39816792302ba8e42fb67cff73deee775dc39f92",
    "https://esm.sh/v135/pako@1.0.11/es2022/lib/zlib/constants.js": "27206d704c739e33b9b0bc4a41ce214e3ec06b9403ac84fe66cf5f71d3879c50",
    "https://esm.sh/v135/pako@1.0.11/es2022/lib/zlib/deflate.js": "393a006de8199c4b93e880e8795dcaec499747ba67bbdbf0b4cd1437f385fb5d",
    "https://esm.sh/v135/pako@1.0.11/es2022/lib/zlib/inflate.js": "fba5cc706eb55d1a7cc5becae7df11eb29a75dcfca70436d1433a1e07747b275",
    "https://esm.sh/v135/pako@1.0.11/es2022/lib/zlib/zstream.js": "5c9dd9e0ad68a45825891ed34ebd430045ac0db4affdb19013d4ae24d083a478",
    "https://esm.sh/v135/parse-asn1@5.1.6/es2022/parse-asn1.mjs": "d7a9423abeae329e659c6a2442b32c115232de176ec00832c0ee26f336c2753f",
    "https://esm.sh/v135/pathe@1.1.2/es2022/pathe.mjs": "d8e1684f2e332ac21e287dd69c8047a13b900a8d9df1fdf46d1194c7b0ebb513",
    "https://esm.sh/v135/pbkdf2@3.1.2/es2022/pbkdf2.mjs": "8c6a39a16a2269f5eb4552d7512d0de33b59aca30c5c069dc51ca93841ed2f35",
    "https://esm.sh/v135/public-encrypt@4.0.3/es2022/public-encrypt.mjs": "f3a549f4a3177cff710b307724463a956eff85ce5b0de226c875aa6132a34000",
    "https://esm.sh/v135/punycode@2.3.1/es2022/punycode.mjs": "b26b648ee40c60d8efc921459d610319c72b2eef40bbbf53831d2695f42b7ced",
    "https://esm.sh/v135/qs@6.11.2/es2022/qs.mjs": "74a7ffec263411ff2d8b9c0c093c79ed792de520f234bef749bb39b94376536c",
    "https://esm.sh/v135/randombytes@2.1.0/es2022/randombytes.mjs": "57452e187053838a0940ca9cca0848a68db039076a76af294791656b21e86c64",
    "https://esm.sh/v135/randomfill@1.0.4/es2022/randomfill.mjs": "95a08fccb0eb8e0e240413f796e8e871b02aa92035adb33789559665aafe9a1d",
    "https://esm.sh/v135/readable-stream@3.6.2/es2022/lib/_stream_duplex.js": "4fc94d0481c9203c1842363cc3b89b897c124d682ba6abcd15985c779bd1e841",
    "https://esm.sh/v135/readable-stream@3.6.2/es2022/lib/_stream_passthrough.js": "9db15c71a7dd77e6e05935ab7de091fc5122799c7ef5509f504ed6466003de82",
    "https://esm.sh/v135/readable-stream@3.6.2/es2022/lib/_stream_readable.js": "618b45dc9da8490ae9b20f8615b5e8b07796299527d00d6951884a66a4503352",
    "https://esm.sh/v135/readable-stream@3.6.2/es2022/lib/_stream_transform.js": "3b46c34cba78b3b5d6a57d7e2f0181e3372de50ff2e3799ec0585f8a89ba891b",
    "https://esm.sh/v135/readable-stream@3.6.2/es2022/lib/_stream_writable.js": "d88df27c8173b91fc5cba0e720edf8673d47e3ccea4fe207d4508b48405301e4",
    "https://esm.sh/v135/readable-stream@3.6.2/es2022/lib/internal/streams/end-of-stream.js": "3e64d8ae52f2c93504ee4797ad34d2c1e97b81c584a0bf34b60fd6580b0ff144",
    "https://esm.sh/v135/readable-stream@3.6.2/es2022/lib/internal/streams/pipeline.js": "59254212453892832ae3a7c3b6cc3d00c1ff4d85e67ac4d2d90638e7fa9bd1a4",
    "https://esm.sh/v135/readable-stream@3.6.2/es2022/readable-stream.mjs": "1a5b3fae059147146b80fdf9e5e45e68d12a1fe9b9dca8d60d80fe3add012709",
    "https://esm.sh/v135/ripemd160@2.0.2/es2022/ripemd160.mjs": "1dd0f69ac0740c59dea96fbce28d348f519f3bee15b39a68fa5a308ce70430d4",
    "https://esm.sh/v135/safe-buffer@5.2.1/es2022/safe-buffer.mjs": "5d30bb05c80d31059b774953c17fbacb4ae5bf57dd6ca427557b79346534f60e",
    "https://esm.sh/v135/safer-buffer@2.1.2/es2022/safer-buffer.mjs": "22b8de13da45121049ce9108410f2d9b8ff6aa4048055511b771eaa422e4a4b6",
    "https://esm.sh/v135/set-function-length@1.1.1/es2022/set-function-length.mjs": "0a1bf965e010966c9f6d6dc24e769d3b9130dd86e4260e387927ab1acb09e7cc",
    "https://esm.sh/v135/sha.js@2.4.11/es2022/sha.mjs": "8ad95beb3cff20887fb6c5812550fd04b8f47627ffb8fd3bac1b5a0670cfeab3",
    "https://esm.sh/v135/side-channel@1.0.4/es2022/side-channel.mjs": "96dd294f66195fc82300f071b79f36300244120c1234f9b157fd71a8beb0914b",
    "https://esm.sh/v135/stream-browserify@3.0.0/es2022/stream-browserify.mjs": "e4b3844cc80f83f05385f7c0d71ce54b4cd064c878e6c374239e90bf6779fd11",
    "https://esm.sh/v135/stream-http@3.2.0/es2022/stream-http.mjs": "5126a9888cb6a81c0baa0f014ea8f7ac41e355f92eb26b7fb8c266f6c7c4647c",
    "https://esm.sh/v135/string_decoder@1.3.0/es2022/string_decoder.mjs": "608e55ab6c2f29d531a758b15e5539eb52d43b0dd13b40f5956a5d79c20ae745",
    "https://esm.sh/v135/url@0.11.3/es2022/url.mjs": "1caf0fa14bc11732e5a0b4c053e2f124261b20ac0d58b6e32dbdf1b3db583bfa",
    "https://esm.sh/v135/util-deprecate@1.0.2/es2022/util-deprecate.mjs": "4f3b014d4ae246f11f718cfaec1e7126ca63217cb0a7bb76872cd0135fced979",
    "https://esm.sh/v135/util@0.12.5/es2022/util.mjs": "1e5921e7d89ba8a7b66d057ef25b533cb7647ef11b1fee515de3c09f173c21d5",
    "https://esm.sh/v135/which-typed-array@1.1.13/es2022/which-typed-array.mjs": "797e2fb461922fd53fb532c1db9f8f98cc6995e0128f05e1635c3f8f4b5f729d",
    "https://esm.sh/v135/xtend@4.0.2/es2022/xtend.mjs": "6b4890762448c278185ffd9be9776d12f50fe7eaf9a50f8c99d8440602f9c4b6"
  }
}
